
Microsoft Visual Studio Solution File, Format Version 12.00
# Visual Studio Version 17
VisualStudioVersion = 17.3.32929.385
MinimumVisualStudioVersion = 10.0.40219.1
Project("{FAE04EC0-301F-11D3-BF4B-00C04F79EFBC}") = "Homework", "Homework\Homework.csproj", "{AC32B271-50D5-4DDB-B1EA-8167E35EC6A2}"
EndProject
Project("{FAE04EC0-301F-11D3-BF4B-00C04F79EFBC}") = "2", "2\2.csproj", "{CBB41F2A-F9D4-40DD-A371-56B5A442EE49}"
EndProject
Project("{FAE04EC0-301F-11D3-BF4B-00C04F79EFBC}") = "3", "3\3.csproj", "{EF4E9B68-E050-4741-AAD3-C69373955DA1}"
EndProject
Global
	GlobalSection(SolutionConfigurationPlatforms) = preSolution
		Debug|Any CPU = Debug|Any CPU
		Release|Any CPU = Release|Any CPU
	EndGlobalSection
	GlobalSection(ProjectConfigurationPlatforms) = postSolution
		{AC32B271-50D5-4DDB-B1EA-8167E35EC6A2}.Debug|Any CPU.ActiveCfg = Debug|Any CPU
		{AC32B271-50D5-4DDB-B1EA-8167E35EC6A2}.Debug|Any CPU.Build.0 = Debug|Any CPU
		{AC32B271-50D5-4DDB-B1EA-8167E35EC6A2}.Release|Any CPU.ActiveCfg = Release|Any CPU
		{AC32B271-50D5-4DDB-B1EA-8167E35EC6A2}.Release|Any CPU.Build.0 = Release|Any CPU
		{CBB41F2A-F9D4-40DD-A371-56B5A442EE49}.Debug|Any CPU.ActiveCfg = Debug|Any CPU
		{CBB41F2A-F9D4-40DD-A371-56B5A442EE49}.Debug|Any CPU.Build.0 = Debug|Any CPU
		{CBB41F2A-F9D4-40DD-A371-56B5A442EE49}.Release|Any CPU.ActiveCfg = Release|Any CPU
		{CBB41F2A-F9D4-40DD-A371-56B5A442EE49}.Release|Any CPU.Build.0 = Release|Any CPU
		{EF4E9B68-E050-4741-AAD3-C69373955DA1}.Debug|Any CPU.ActiveCfg = Debug|Any CPU
		{EF4E9B68-E050-4741-AAD3-C69373955DA1}.Debug|Any CPU.Build.0 = Debug|Any CPU
		{EF4E9B68-E050-4741-AAD3-C69373955DA1}.Release|Any CPU.ActiveCfg = Release|Any CPU
		{EF4E9B68-E050-4741-AAD3-C69373955DA1}.Release|Any CPU.Build.0 = Release|Any CPU
	EndGlobalSection
	GlobalSection(SolutionProperties) = preSolution
		HideSolutionNode = FALSE
	EndGlobalSection
	GlobalSection(ExtensibilityGlobals) = postSolution
		SolutionGuid = {7B3CB573-8E7D-4E06-85A2-31AF8F7688A5}
	EndGlobalSection
EndGlobal
